// !$*UTF8*$!
{
	archiveVersion = 1;
	classes = {
	};
	objectVersion = 50;
	objects = {

/* Begin PBXBuildFile section */
		43C9432B27BFB868004C8AD5 /* XcodeKit.framework in Frameworks */ = {isa = PBXBuildFile; fileRef = 43C9432A27BFB868004C8AD5 /* XcodeKit.framework */; };
		43C9432C27BFB868004C8AD5 /* XcodeKit.framework in Embed Frameworks */ = {isa = PBXBuildFile; fileRef = 43C9432A27BFB868004C8AD5 /* XcodeKit.framework */; settings = {ATTRIBUTES = (CodeSignOnCopy, RemoveHeadersOnCopy, ); }; };
		7B6AC04C2281275600A5E7A0 /* AppDelegate.swift in Sources */ = {isa = PBXBuildFile; fileRef = 7B6AC04B2281275600A5E7A0 /* AppDelegate.swift */; };
		7B6AC04E2281275600A5E7A0 /* ViewController.swift in Sources */ = {isa = PBXBuildFile; fileRef = 7B6AC04D2281275600A5E7A0 /* ViewController.swift */; };
		7B6AC0502281275600A5E7A0 /* Assets.xcassets in Resources */ = {isa = PBXBuildFile; fileRef = 7B6AC04F2281275600A5E7A0 /* Assets.xcassets */; };
		7B6AC0532281275600A5E7A0 /* Main.storyboard in Resources */ = {isa = PBXBuildFile; fileRef = 7B6AC0512281275600A5E7A0 /* Main.storyboard */; };
		7B6AC0622281277B00A5E7A0 /* Cocoa.framework in Frameworks */ = {isa = PBXBuildFile; fileRef = 7B6AC0612281277B00A5E7A0 /* Cocoa.framework */; };
		7B6AC0652281277C00A5E7A0 /* SourceEditorExtension.swift in Sources */ = {isa = PBXBuildFile; fileRef = 7B6AC0642281277C00A5E7A0 /* SourceEditorExtension.swift */; };
		7B6AC0672281277C00A5E7A0 /* ConvertToMultiLineFunction.swift in Sources */ = {isa = PBXBuildFile; fileRef = 7B6AC0662281277C00A5E7A0 /* ConvertToMultiLineFunction.swift */; };
		7B6AC06C2281277C00A5E7A0 /* Convert To Multi-Line Function.appex in Embed App Extensions */ = {isa = PBXBuildFile; fileRef = 7B6AC05F2281277B00A5E7A0 /* Convert To Multi-Line Function.appex */; settings = {ATTRIBUTES = (RemoveHeadersOnCopy, ); }; };
/* End PBXBuildFile section */

/* Begin PBXContainerItemProxy section */
		7B6AC06A2281277C00A5E7A0 /* PBXContainerItemProxy */ = {
			isa = PBXContainerItemProxy;
			containerPortal = 7B6AC0402281275600A5E7A0 /* Project object */;
			proxyType = 1;
			remoteGlobalIDString = 7B6AC05E2281277B00A5E7A0;
			remoteInfo = "Convert To Multi-Line Function";
		};
/* End PBXContainerItemProxy section */

/* Begin PBXCopyFilesBuildPhase section */
		43C9432D27BFB868004C8AD5 /* Embed Frameworks */ = {
			isa = PBXCopyFilesBuildPhase;
			buildActionMask = 2147483647;
			dstPath = "";
			dstSubfolderSpec = 10;
			files = (
				43C9432C27BFB868004C8AD5 /* XcodeKit.framework in Embed Frameworks */,
			);
			name = "Embed Frameworks";
			runOnlyForDeploymentPostprocessing = 0;
		};
		7B6AC0702281277C00A5E7A0 /* Embed App Extensions */ = {
			isa = PBXCopyFilesBuildPhase;
			buildActionMask = 2147483647;
			dstPath = "";
			dstSubfolderSpec = 13;
			files = (
				7B6AC06C2281277C00A5E7A0 /* Convert To Multi-Line Function.appex in Embed App Extensions */,
			);
			name = "Embed App Extensions";
			runOnlyForDeploymentPostprocessing = 0;
		};
/* End PBXCopyFilesBuildPhase section */

/* Begin PBXFileReference section */
		43C9432A27BFB868004C8AD5 /* XcodeKit.framework */ = {isa = PBXFileReference; lastKnownFileType = wrapper.framework; name = XcodeKit.framework; path = Library/Frameworks/XcodeKit.framework; sourceTree = DEVELOPER_DIR; };
		7B6AC0482281275600A5E7A0 /* Convert to Multi-Line Function.app */ = {isa = PBXFileReference; explicitFileType = wrapper.application; includeInIndex = 0; path = "Convert to Multi-Line Function.app"; sourceTree = BUILT_PRODUCTS_DIR; };
		7B6AC04B2281275600A5E7A0 /* AppDelegate.swift */ = {isa = PBXFileReference; lastKnownFileType = sourcecode.swift; path = AppDelegate.swift; sourceTree = "<group>"; };
		7B6AC04D2281275600A5E7A0 /* ViewController.swift */ = {isa = PBXFileReference; lastKnownFileType = sourcecode.swift; path = ViewController.swift; sourceTree = "<group>"; };
		7B6AC04F2281275600A5E7A0 /* Assets.xcassets */ = {isa = PBXFileReference; lastKnownFileType = folder.assetcatalog; path = Assets.xcassets; sourceTree = "<group>"; };
		7B6AC0522281275600A5E7A0 /* Base */ = {isa = PBXFileReference; lastKnownFileType = file.storyboard; name = Base; path = Base.lproj/Main.storyboard; sourceTree = "<group>"; };
		7B6AC0542281275600A5E7A0 /* Info.plist */ = {isa = PBXFileReference; lastKnownFileType = text.plist.xml; path = Info.plist; sourceTree = "<group>"; };
		7B6AC0552281275600A5E7A0 /* Convert_to_Multi_Line_Function.entitlements */ = {isa = PBXFileReference; lastKnownFileType = text.plist.entitlements; path = Convert_to_Multi_Line_Function.entitlements; sourceTree = "<group>"; };
		7B6AC05F2281277B00A5E7A0 /* Convert To Multi-Line Function.appex */ = {isa = PBXFileReference; explicitFileType = "wrapper.app-extension"; includeInIndex = 0; path = "Convert To Multi-Line Function.appex"; sourceTree = BUILT_PRODUCTS_DIR; };
		7B6AC0612281277B00A5E7A0 /* Cocoa.framework */ = {isa = PBXFileReference; lastKnownFileType = wrapper.framework; name = Cocoa.framework; path = System/Library/Frameworks/Cocoa.framework; sourceTree = SDKROOT; };
		7B6AC0642281277C00A5E7A0 /* SourceEditorExtension.swift */ = {isa = PBXFileReference; lastKnownFileType = sourcecode.swift; path = SourceEditorExtension.swift; sourceTree = "<group>"; };
		7B6AC0662281277C00A5E7A0 /* ConvertToMultiLineFunction.swift */ = {isa = PBXFileReference; lastKnownFileType = sourcecode.swift; path = ConvertToMultiLineFunction.swift; sourceTree = "<group>"; };
		7B6AC0682281277C00A5E7A0 /* Info.plist */ = {isa = PBXFileReference; lastKnownFileType = text.plist.xml; path = Info.plist; sourceTree = "<group>"; };
		7B6AC0692281277C00A5E7A0 /* Convert_To_Multi_Line_Function.entitlements */ = {isa = PBXFileReference; lastKnownFileType = text.plist.entitlements; path = Convert_To_Multi_Line_Function.entitlements; sourceTree = "<group>"; };
/* End PBXFileReference section */

/* Begin PBXFrameworksBuildPhase section */
		7B6AC0452281275600A5E7A0 /* Frameworks */ = {
			isa = PBXFrameworksBuildPhase;
			buildActionMask = 2147483647;
			files = (
			);
			runOnlyForDeploymentPostprocessing = 0;
		};
		7B6AC05C2281277B00A5E7A0 /* Frameworks */ = {
			isa = PBXFrameworksBuildPhase;
			buildActionMask = 2147483647;
			files = (
				7B6AC0622281277B00A5E7A0 /* Cocoa.framework in Frameworks */,
				43C9432B27BFB868004C8AD5 /* XcodeKit.framework in Frameworks */,
			);
			runOnlyForDeploymentPostprocessing = 0;
		};
/* End PBXFrameworksBuildPhase section */

/* Begin PBXGroup section */
		7B6AC03F2281275600A5E7A0 = {
			isa = PBXGroup;
			children = (
				7B6AC04A2281275600A5E7A0 /* Convert to Multi-Line Function */,
				7B6AC0632281277B00A5E7A0 /* Convert To Multi-Line Function */,
				7B6AC0602281277B00A5E7A0 /* Frameworks */,
				7B6AC0492281275600A5E7A0 /* Products */,
			);
			sourceTree = "<group>";
		};
		7B6AC0492281275600A5E7A0 /* Products */ = {
			isa = PBXGroup;
			children = (
				7B6AC0482281275600A5E7A0 /* Convert to Multi-Line Function.app */,
				7B6AC05F2281277B00A5E7A0 /* Convert To Multi-Line Function.appex */,
			);
			name = Products;
			sourceTree = "<group>";
		};
		7B6AC04A2281275600A5E7A0 /* Convert to Multi-Line Function */ = {
			isa = PBXGroup;
			children = (
				7B6AC04B2281275600A5E7A0 /* AppDelegate.swift */,
				7B6AC04D2281275600A5E7A0 /* ViewController.swift */,
				7B6AC04F2281275600A5E7A0 /* Assets.xcassets */,
				7B6AC0512281275600A5E7A0 /* Main.storyboard */,
				7B6AC0542281275600A5E7A0 /* Info.plist */,
				7B6AC0552281275600A5E7A0 /* Convert_to_Multi_Line_Function.entitlements */,
			);
			path = "Convert to Multi-Line Function";
			sourceTree = "<group>";
		};
		7B6AC0602281277B00A5E7A0 /* Frameworks */ = {
			isa = PBXGroup;
			children = (
				43C9432A27BFB868004C8AD5 /* XcodeKit.framework */,
				7B6AC0612281277B00A5E7A0 /* Cocoa.framework */,
			);
			name = Frameworks;
			sourceTree = "<group>";
		};
		7B6AC0632281277B00A5E7A0 /* Convert To Multi-Line Function */ = {
			isa = PBXGroup;
			children = (
				7B6AC0642281277C00A5E7A0 /* SourceEditorExtension.swift */,
				7B6AC0662281277C00A5E7A0 /* ConvertToMultiLineFunction.swift */,
				7B6AC0682281277C00A5E7A0 /* Info.plist */,
				7B6AC0692281277C00A5E7A0 /* Convert_To_Multi_Line_Function.entitlements */,
			);
			path = "Convert To Multi-Line Function";
			sourceTree = "<group>";
		};
/* End PBXGroup section */

/* Begin PBXNativeTarget section */
		7B6AC0472281275600A5E7A0 /* Convert to Multi-Line Function */ = {
			isa = PBXNativeTarget;
			buildConfigurationList = 7B6AC0582281275600A5E7A0 /* Build configuration list for PBXNativeTarget "Convert to Multi-Line Function" */;
			buildPhases = (
				7B6AC0442281275600A5E7A0 /* Sources */,
				7B6AC0452281275600A5E7A0 /* Frameworks */,
				7B6AC0462281275600A5E7A0 /* Resources */,
				7B6AC0702281277C00A5E7A0 /* Embed App Extensions */,
			);
			buildRules = (
			);
			dependencies = (
				7B6AC06B2281277C00A5E7A0 /* PBXTargetDependency */,
			);
			name = "Convert to Multi-Line Function";
			productName = "Convert to Multi-Line Function";
			productReference = 7B6AC0482281275600A5E7A0 /* Convert to Multi-Line Function.app */;
			productType = "com.apple.product-type.application";
		};
		7B6AC05E2281277B00A5E7A0 /* Convert To Multi-Line Function */ = {
			isa = PBXNativeTarget;
			buildConfigurationList = 7B6AC06D2281277C00A5E7A0 /* Build configuration list for PBXNativeTarget "Convert To Multi-Line Function" */;
			buildPhases = (
				7B6AC05B2281277B00A5E7A0 /* Sources */,
				7B6AC05C2281277B00A5E7A0 /* Frameworks */,
				7B6AC05D2281277B00A5E7A0 /* Resources */,
				43C9432D27BFB868004C8AD5 /* Embed Frameworks */,
			);
			buildRules = (
			);
			dependencies = (
			);
			name = "Convert To Multi-Line Function";
			productName = "Convert To Multi-Line Function";
			productReference = 7B6AC05F2281277B00A5E7A0 /* Convert To Multi-Line Function.appex */;
			productType = "com.apple.product-type.xcode-extension";
		};
/* End PBXNativeTarget section */

/* Begin PBXProject section */
		7B6AC0402281275600A5E7A0 /* Project object */ = {
			isa = PBXProject;
			attributes = {
				LastSwiftUpdateCheck = 1020;
				LastUpgradeCheck = 1020;
				ORGANIZATIONNAME = chute;
				TargetAttributes = {
					7B6AC0472281275600A5E7A0 = {
						CreatedOnToolsVersion = 10.2.1;
					};
					7B6AC05E2281277B00A5E7A0 = {
						CreatedOnToolsVersion = 10.2.1;
					};
				};
			};
			buildConfigurationList = 7B6AC0432281275600A5E7A0 /* Build configuration list for PBXProject "Convert to Multi-Line Function" */;
			compatibilityVersion = "Xcode 9.3";
			developmentRegion = en;
			hasScannedForEncodings = 0;
			knownRegions = (
				en,
				Base,
			);
			mainGroup = 7B6AC03F2281275600A5E7A0;
			productRefGroup = 7B6AC0492281275600A5E7A0 /* Products */;
			projectDirPath = "";
			projectRoot = "";
			targets = (
				7B6AC0472281275600A5E7A0 /* Convert to Multi-Line Function */,
				7B6AC05E2281277B00A5E7A0 /* Convert To Multi-Line Function */,
			);
		};
/* End PBXProject section */

/* Begin PBXResourcesBuildPhase section */
		7B6AC0462281275600A5E7A0 /* Resources */ = {
			isa = PBXResourcesBuildPhase;
			buildActionMask = 2147483647;
			files = (
				7B6AC0502281275600A5E7A0 /* Assets.xcassets in Resources */,
				7B6AC0532281275600A5E7A0 /* Main.storyboard in Resources */,
			);
			runOnlyForDeploymentPostprocessing = 0;
		};
		7B6AC05D2281277B00A5E7A0 /* Resources */ = {
			isa = PBXResourcesBuildPhase;
			buildActionMask = 2147483647;
			files = (
			);
			runOnlyForDeploymentPostprocessing = 0;
		};
/* End PBXResourcesBuildPhase section */

/* Begin PBXSourcesBuildPhase section */
		7B6AC0442281275600A5E7A0 /* Sources */ = {
			isa = PBXSourcesBuildPhase;
			buildActionMask = 2147483647;
			files = (
				7B6AC04E2281275600A5E7A0 /* ViewController.swift in Sources */,
				7B6AC04C2281275600A5E7A0 /* AppDelegate.swift in Sources */,
			);
			runOnlyForDeploymentPostprocessing = 0;
		};
		7B6AC05B2281277B00A5E7A0 /* Sources */ = {
			isa = PBXSourcesBuildPhase;
			buildActionMask = 2147483647;
			files = (
				7B6AC0652281277C00A5E7A0 /* SourceEditorExtension.swift in Sources */,
				7B6AC0672281277C00A5E7A0 /* ConvertToMultiLineFunction.swift in Sources */,
			);
			runOnlyForDeploymentPostprocessing = 0;
		};
/* End PBXSourcesBuildPhase section */

/* Begin PBXTargetDependency section */
		7B6AC06B2281277C00A5E7A0 /* PBXTargetDependency */ = {
			isa = PBXTargetDependency;
			target = 7B6AC05E2281277B00A5E7A0 /* Convert To Multi-Line Function */;
			targetProxy = 7B6AC06A2281277C00A5E7A0 /* PBXContainerItemProxy */;
		};
/* End PBXTargetDependency section */

/* Begin PBXVariantGroup section */
		7B6AC0512281275600A5E7A0 /* Main.storyboard */ = {
			isa = PBXVariantGroup;
			children = (
				7B6AC0522281275600A5E7A0 /* Base */,
			);
			name = Main.storyboard;
			sourceTree = "<group>";
		};
/* End PBXVariantGroup section */

/* Begin XCBuildConfiguration section */
		7B6AC0562281275600A5E7A0 /* Debug */ = {
			isa = XCBuildConfiguration;
			buildSettings = {
				ALWAYS_SEARCH_USER_PATHS = NO;
				CLANG_ANALYZER_NONNULL = YES;
				CLANG_ANALYZER_NUMBER_OBJECT_CONVERSION = YES_AGGRESSIVE;
				CLANG_CXX_LANGUAGE_STANDARD = "gnu++14";
				CLANG_CXX_LIBRARY = "libc++";
				CLANG_ENABLE_MODULES = YES;
				CLANG_ENABLE_OBJC_ARC = YES;
				CLANG_ENABLE_OBJC_WEAK = YES;
				CLANG_WARN_BLOCK_CAPTURE_AUTORELEASING = YES;
				CLANG_WARN_BOOL_CONVERSION = YES;
				CLANG_WARN_COMMA = YES;
				CLANG_WARN_CONSTANT_CONVERSION = YES;
				CLANG_WARN_DEPRECATED_OBJC_IMPLEMENTATIONS = YES;
				CLANG_WARN_DIRECT_OBJC_ISA_USAGE = YES_ERROR;
				CLANG_WARN_DOCUMENTATION_COMMENTS = YES;
				CLANG_WARN_EMPTY_BODY = YES;
				CLANG_WARN_ENUM_CONVERSION = YES;
				CLANG_WARN_INFINITE_RECURSION = YES;
				CLANG_WARN_INT_CONVERSION = YES;
				CLANG_WARN_NON_LITERAL_NULL_CONVERSION = YES;
				CLANG_WARN_OBJC_IMPLICIT_RETAIN_SELF = YES;
				CLANG_WARN_OBJC_LITERAL_CONVERSION = YES;
				CLANG_WARN_OBJC_ROOT_CLASS = YES_ERROR;
				CLANG_WARN_RANGE_LOOP_ANALYSIS = YES;
				CLANG_WARN_STRICT_PROTOTYPES = YES;
				CLANG_WARN_SUSPICIOUS_MOVE = YES;
				CLANG_WARN_UNGUARDED_AVAILABILITY = YES_AGGRESSIVE;
				CLANG_WARN_UNREACHABLE_CODE = YES;
				CLANG_WARN__DUPLICATE_METHOD_MATCH = YES;
				CODE_SIGN_IDENTITY = "Mac Developer";
				COPY_PHASE_STRIP = NO;
				DEBUG_INFORMATION_FORMAT = dwarf;
				ENABLE_STRICT_OBJC_MSGSEND = YES;
				ENABLE_TESTABILITY = YES;
				GCC_C_LANGUAGE_STANDARD = gnu11;
				GCC_DYNAMIC_NO_PIC = NO;
				GCC_NO_COMMON_BLOCKS = YES;
				GCC_OPTIMIZATION_LEVEL = 0;
				GCC_PREPROCESSOR_DEFINITIONS = (
					"DEBUG=1",
					"$(inherited)",
				);
				GCC_WARN_64_TO_32_BIT_CONVERSION = YES;
				GCC_WARN_ABOUT_RETURN_TYPE = YES_ERROR;
				GCC_WARN_UNDECLARED_SELECTOR = YES;
				GCC_WARN_UNINITIALIZED_AUTOS = YES_AGGRESSIVE;
				GCC_WARN_UNUSED_FUNCTION = YES;
				GCC_WARN_UNUSED_VARIABLE = YES;
				MACOSX_DEPLOYMENT_TARGET = 11.0;
				MTL_ENABLE_DEBUG_INFO = INCLUDE_SOURCE;
				MTL_FAST_MATH = YES;
				ONLY_ACTIVE_ARCH = YES;
				SDKROOT = macosx;
				SWIFT_ACTIVE_COMPILATION_CONDITIONS = DEBUG;
				SWIFT_OPTIMIZATION_LEVEL = "-Onone";
			};
			name = Debug;
		};
		7B6AC0572281275600A5E7A0 /* Release */ = {
			isa = XCBuildConfiguration;
			buildSettings = {
				ALWAYS_SEARCH_USER_PATHS = NO;
				CLANG_ANALYZER_NONNULL = YES;
				CLANG_ANALYZER_NUMBER_OBJECT_CONVERSION = YES_AGGRESSIVE;
				CLANG_CXX_LANGUAGE_STANDARD = "gnu++14";
				CLANG_CXX_LIBRARY = "libc++";
				CLANG_ENABLE_MODULES = YES;
				CLANG_ENABLE_OBJC_ARC = YES;
				CLANG_ENABLE_OBJC_WEAK = YES;
				CLANG_WARN_BLOCK_CAPTURE_AUTORELEASING = YES;
				CLANG_WARN_BOOL_CONVERSION = YES;
				CLANG_WARN_COMMA = YES;
				CLANG_WARN_CONSTANT_CONVERSION = YES;
				CLANG_WARN_DEPRECATED_OBJC_IMPLEMENTATIONS = YES;
				CLANG_WARN_DIRECT_OBJC_ISA_USAGE = YES_ERROR;
				CLANG_WARN_DOCUMENTATION_COMMENTS = YES;
				CLANG_WARN_EMPTY_BODY = YES;
				CLANG_WARN_ENUM_CONVERSION = YES;
				CLANG_WARN_INFINITE_RECURSION = YES;
				CLANG_WARN_INT_CONVERSION = YES;
				CLANG_WARN_NON_LITERAL_NULL_CONVERSION = YES;
				CLANG_WARN_OBJC_IMPLICIT_RETAIN_SELF = YES;
				CLANG_WARN_OBJC_LITERAL_CONVERSION = YES;
				CLANG_WARN_OBJC_ROOT_CLASS = YES_ERROR;
				CLANG_WARN_RANGE_LOOP_ANALYSIS = YES;
				CLANG_WARN_STRICT_PROTOTYPES = YES;
				CLANG_WARN_SUSPICIOUS_MOVE = YES;
				CLANG_WARN_UNGUARDED_AVAILABILITY = YES_AGGRESSIVE;
				CLANG_WARN_UNREACHABLE_CODE = YES;
				CLANG_WARN__DUPLICATE_METHOD_MATCH = YES;
				CODE_SIGN_IDENTITY = "Mac Developer";
				COPY_PHASE_STRIP = NO;
				DEBUG_INFORMATION_FORMAT = "dwarf-with-dsym";
				ENABLE_NS_ASSERTIONS = NO;
				ENABLE_STRICT_OBJC_MSGSEND = YES;
				GCC_C_LANGUAGE_STANDARD = gnu11;
				GCC_NO_COMMON_BLOCKS = YES;
				GCC_WARN_64_TO_32_BIT_CONVERSION = YES;
				GCC_WARN_ABOUT_RETURN_TYPE = YES_ERROR;
				GCC_WARN_UNDECLARED_SELECTOR = YES;
				GCC_WARN_UNINITIALIZED_AUTOS = YES_AGGRESSIVE;
				GCC_WARN_UNUSED_FUNCTION = YES;
				GCC_WARN_UNUSED_VARIABLE = YES;
				MACOSX_DEPLOYMENT_TARGET = 11.0;
				MTL_ENABLE_DEBUG_INFO = NO;
				MTL_FAST_MATH = YES;
				SDKROOT = macosx;
				SWIFT_COMPILATION_MODE = wholemodule;
				SWIFT_OPTIMIZATION_LEVEL = "-O";
			};
			name = Release;
		};
		7B6AC0592281275600A5E7A0 /* Debug */ = {
			isa = XCBuildConfiguration;
			buildSettings = {
				ALWAYS_EMBED_SWIFT_STANDARD_LIBRARIES = YES;
				ASSETCATALOG_COMPILER_APPICON_NAME = AppIcon;
				CODE_SIGN_ENTITLEMENTS = "Convert to Multi-Line Function/Convert_to_Multi_Line_Function.entitlements";
				CODE_SIGN_STYLE = Automatic;
				COMBINE_HIDPI_IMAGES = YES;
				DEVELOPMENT_TEAM = LFVYJRDCNE;
				INFOPLIST_FILE = "Convert to Multi-Line Function/Info.plist";
				LD_RUNPATH_SEARCH_PATHS = (
					"$(inherited)",
					"@executable_path/../Frameworks",
				);
				PRODUCT_BUNDLE_IDENTIFIER = "edu.stanford.cs193p.chute.Convert-to-Multi-Line-Function";
				PRODUCT_NAME = "$(TARGET_NAME)";
				SWIFT_VERSION = 5.0;
			};
			name = Debug;
		};
		7B6AC05A2281275600A5E7A0 /* Release */ = {
			isa = XCBuildConfiguration;
			buildSettings = {
				ALWAYS_EMBED_SWIFT_STANDARD_LIBRARIES = YES;
				ASSETCATALOG_COMPILER_APPICON_NAME = AppIcon;
				CODE_SIGN_ENTITLEMENTS = "Convert to Multi-Line Function/Convert_to_Multi_Line_Function.entitlements";
				CODE_SIGN_STYLE = Automatic;
				COMBINE_HIDPI_IMAGES = YES;
				DEVELOPMENT_TEAM = LFVYJRDCNE;
				INFOPLIST_FILE = "Convert to Multi-Line Function/Info.plist";
				LD_RUNPATH_SEARCH_PATHS = (
					"$(inherited)",
					"@executable_path/../Frameworks",
				);
				PRODUCT_BUNDLE_IDENTIFIER = "edu.stanford.cs193p.chute.Convert-to-Multi-Line-Function";
				PRODUCT_NAME = "$(TARGET_NAME)";
				SWIFT_VERSION = 5.0;
			};
			name = Release;
		};
		7B6AC06E2281277C00A5E7A0 /* Debug */ = {
			isa = XCBuildConfiguration;
			buildSettings = {
				CODE_SIGN_ENTITLEMENTS = "Convert To Multi-Line Function/Convert_To_Multi_Line_Function.entitlements";
				CODE_SIGN_STYLE = Automatic;
				COMBINE_HIDPI_IMAGES = YES;
				DEVELOPMENT_TEAM = LFVYJRDCNE;
				INFOPLIST_FILE = "Convert To Multi-Line Function/Info.plist";
				LD_RUNPATH_SEARCH_PATHS = (
					"$(inherited)",
					"@executable_path/../Frameworks",
					"@executable_path/../../../../Frameworks",
				);
				PRODUCT_BUNDLE_IDENTIFIER = "edu.stanford.cs193p.chute.Convert-to-Multi-Line-Function.Convert-To-Multi-Line-Function";
				PRODUCT_NAME = "$(TARGET_NAME)";
				SKIP_INSTALL = YES;
				SWIFT_VERSION = 5.0;
			};
			name = Debug;
		};
		7B6AC06F2281277C00A5E7A0 /* Release */ = {
			isa = XCBuildConfiguration;
			buildSettings = {
				CODE_SIGN_ENTITLEMENTS = "Convert To Multi-Line Function/Convert_To_Multi_Line_Function.entitlements";
				CODE_SIGN_STYLE = Automatic;
				COMBINE_HIDPI_IMAGES = YES;
				DEVELOPMENT_TEAM = LFVYJRDCNE;
				INFOPLIST_FILE = "Convert To Multi-Line Function/Info.plist";
				LD_RUNPATH_SEARCH_PATHS = (
					"$(inherited)",
					"@executable_path/../Frameworks",
					"@executable_path/../../../../Frameworks",
				);
				PRODUCT_BUNDLE_IDENTIFIER = "edu.stanford.cs193p.chute.Convert-to-Multi-Line-Function.Convert-To-Multi-Line-Function";
				PRODUCT_NAME = "$(TARGET_NAME)";
				SKIP_INSTALL = YES;
				SWIFT_VERSION = 5.0;
			};
			name = Release;
		};
/* End XCBuildConfiguration section */

/* Begin XCConfigurationList section */
		7B6AC0432281275600A5E7A0 /* Build configuration list for PBXProject "Convert to Multi-Line Function" */ = {
			isa = XCConfigurationList;
			buildConfigurations = (
				7B6AC0562281275600A5E7A0 /* Debug */,
				7B6AC0572281275600A5E7A0 /* Release */,
			);
			defaultConfigurationIsVisible = 0;
			defaultConfigurationName = Release;
		};
		7B6AC0582281275600A5E7A0 /* Build configuration list for PBXNativeTarget "Convert to Multi-Line Function" */ = {
			isa = XCConfigurationList;
			buildConfigurations = (
				7B6AC0592281275600A5E7A0 /* Debug */,
				7B6AC05A2281275600A5E7A0 /* Release */,
			);
			defaultConfigurationIsVisible = 0;
			defaultConfigurationName = Release;
		};
		7B6AC06D2281277C00A5E7A0 /* Build configuration list for PBXNativeTarget "Convert To Multi-Line Function" */ = {
			isa = XCConfigurationList;
			buildConfigurations = (
				7B6AC06E2281277C00A5E7A0 /* Debug */,
				7B6AC06F2281277C00A5E7A0 /* Release */,
			);
			defaultConfigurationIsVisible = 0;
			defaultConfigurationName = Release;
		};
/* End XCConfigurationList section */
	};
	rootObject = 7B6AC0402281275600A5E7A0 /* Project object */;
}
